
Microsoft Visual Studio Solution File, Format Version 12.00
# Visual Studio Version 17
VisualStudioVersion = 17.11.35327.3
MinimumVisualStudioVersion = 10.0.40219.1
Project("{8BC9CEB8-8B4A-11D0-8D11-00A0C91BC942}") = "FlowControl", "FlowControl.vcxproj", "{A75C6FC9-0AB3-49E7-8CBC-D0923168A0EB}"
EndProject
Project("{8BC9CEB8-8B4A-11D0-8D11-00A0C91BC942}") = "Loops", "..\Loops\Loops.vcxproj", "{059730BD-FA40-4325-A3FE-435BF0D96C01}"
EndProject
Global
	GlobalSection(SolutionConfigurationPlatforms) = preSolution
		Debug|x64 = Debug|x64
		Debug|x86 = Debug|x86
		Release|x64 = Release|x64
		Release|x86 = Release|x86
	EndGlobalSection
	GlobalSection(ProjectConfigurationPlatforms) = postSolution
		{A75C6FC9-0AB3-49E7-8CBC-D0923168A0EB}.Debug|x64.ActiveCfg = Debug|x64
		{A75C6FC9-0AB3-49E7-8CBC-D0923168A0EB}.Debug|x64.Build.0 = Debug|x64
		{A75C6FC9-0AB3-49E7-8CBC-D0923168A0EB}.Debug|x86.ActiveCfg = Debug|Win32
		{A75C6FC9-0AB3-49E7-8CBC-D0923168A0EB}.Debug|x86.Build.0 = Debug|Win32
		{A75C6FC9-0AB3-49E7-8CBC-D0923168A0EB}.Release|x64.ActiveCfg = Release|x64
		{A75C6FC9-0AB3-49E7-8CBC-D0923168A0EB}.Release|x64.Build.0 = Release|x64
		{A75C6FC9-0AB3-49E7-8CBC-D0923168A0EB}.Release|x86.ActiveCfg = Release|Win32
		{A75C6FC9-0AB3-49E7-8CBC-D0923168A0EB}.Release|x86.Build.0 = Release|Win32
		{059730BD-FA40-4325-A3FE-435BF0D96C01}.Debug|x64.ActiveCfg = Debug|x64
		{059730BD-FA40-4325-A3FE-435BF0D96C01}.Debug|x64.Build.0 = Debug|x64
		{059730BD-FA40-4325-A3FE-435BF0D96C01}.Debug|x86.ActiveCfg = Debug|Win32
		{059730BD-FA40-4325-A3FE-435BF0D96C01}.Debug|x86.Build.0 = Debug|Win32
		{059730BD-FA40-4325-A3FE-435BF0D96C01}.Release|x64.ActiveCfg = Release|x64
		{059730BD-FA40-4325-A3FE-435BF0D96C01}.Release|x64.Build.0 = Release|x64
		{059730BD-FA40-4325-A3FE-435BF0D96C01}.Release|x86.ActiveCfg = Release|Win32
		{059730BD-FA40-4325-A3FE-435BF0D96C01}.Release|x86.Build.0 = Release|Win32
	EndGlobalSection
	GlobalSection(SolutionProperties) = preSolution
		HideSolutionNode = FALSE
	EndGlobalSection
	GlobalSection(ExtensibilityGlobals) = postSolution
		SolutionGuid = {90B0D06F-A520-4728-84BD-18A578916A99}
	EndGlobalSection
EndGlobal
