
Microsoft Visual Studio Solution File, Format Version 12.00
# Visual Studio Version 17
VisualStudioVersion = 17.11.35327.3
MinimumVisualStudioVersion = 10.0.40219.1
Project("{8BC9CEB8-8B4A-11D0-8D11-00A0C91BC942}") = "OOP_Exercise", "OOP_Exercise.vcxproj", "{7269B9D9-670B-403F-B659-2C744D1C014C}"
EndProject
Project("{8BC9CEB8-8B4A-11D0-8D11-00A0C91BC942}") = "Inheritance", "..\Inheritance\Inheritance.vcxproj", "{D39E8B3F-DACC-4129-839F-2661D0694AB8}"
EndProject
Project("{8BC9CEB8-8B4A-11D0-8D11-00A0C91BC942}") = "Casting", "..\Casting\Casting.vcxproj", "{C062713D-D431-4CED-AC03-89642A58C9CD}"
EndProject
Global
	GlobalSection(SolutionConfigurationPlatforms) = preSolution
		Debug|x64 = Debug|x64
		Debug|x86 = Debug|x86
		Release|x64 = Release|x64
		Release|x86 = Release|x86
	EndGlobalSection
	GlobalSection(ProjectConfigurationPlatforms) = postSolution
		{7269B9D9-670B-403F-B659-2C744D1C014C}.Debug|x64.ActiveCfg = Debug|x64
		{7269B9D9-670B-403F-B659-2C744D1C014C}.Debug|x64.Build.0 = Debug|x64
		{7269B9D9-670B-403F-B659-2C744D1C014C}.Debug|x86.ActiveCfg = Debug|Win32
		{7269B9D9-670B-403F-B659-2C744D1C014C}.Debug|x86.Build.0 = Debug|Win32
		{7269B9D9-670B-403F-B659-2C744D1C014C}.Release|x64.ActiveCfg = Release|x64
		{7269B9D9-670B-403F-B659-2C744D1C014C}.Release|x64.Build.0 = Release|x64
		{7269B9D9-670B-403F-B659-2C744D1C014C}.Release|x86.ActiveCfg = Release|Win32
		{7269B9D9-670B-403F-B659-2C744D1C014C}.Release|x86.Build.0 = Release|Win32
		{D39E8B3F-DACC-4129-839F-2661D0694AB8}.Debug|x64.ActiveCfg = Debug|x64
		{D39E8B3F-DACC-4129-839F-2661D0694AB8}.Debug|x64.Build.0 = Debug|x64
		{D39E8B3F-DACC-4129-839F-2661D0694AB8}.Debug|x86.ActiveCfg = Debug|Win32
		{D39E8B3F-DACC-4129-839F-2661D0694AB8}.Debug|x86.Build.0 = Debug|Win32
		{D39E8B3F-DACC-4129-839F-2661D0694AB8}.Release|x64.ActiveCfg = Release|x64
		{D39E8B3F-DACC-4129-839F-2661D0694AB8}.Release|x64.Build.0 = Release|x64
		{D39E8B3F-DACC-4129-839F-2661D0694AB8}.Release|x86.ActiveCfg = Release|Win32
		{D39E8B3F-DACC-4129-839F-2661D0694AB8}.Release|x86.Build.0 = Release|Win32
		{C062713D-D431-4CED-AC03-89642A58C9CD}.Debug|x64.ActiveCfg = Debug|x64
		{C062713D-D431-4CED-AC03-89642A58C9CD}.Debug|x64.Build.0 = Debug|x64
		{C062713D-D431-4CED-AC03-89642A58C9CD}.Debug|x86.ActiveCfg = Debug|Win32
		{C062713D-D431-4CED-AC03-89642A58C9CD}.Debug|x86.Build.0 = Debug|Win32
		{C062713D-D431-4CED-AC03-89642A58C9CD}.Release|x64.ActiveCfg = Release|x64
		{C062713D-D431-4CED-AC03-89642A58C9CD}.Release|x64.Build.0 = Release|x64
		{C062713D-D431-4CED-AC03-89642A58C9CD}.Release|x86.ActiveCfg = Release|Win32
		{C062713D-D431-4CED-AC03-89642A58C9CD}.Release|x86.Build.0 = Release|Win32
	EndGlobalSection
	GlobalSection(SolutionProperties) = preSolution
		HideSolutionNode = FALSE
	EndGlobalSection
	GlobalSection(ExtensibilityGlobals) = postSolution
		SolutionGuid = {5638F2CF-F2EB-412A-9D91-3E9229019DB2}
	EndGlobalSection
EndGlobal
